
Microsoft Visual Studio Solution File, Format Version 12.00
# Visual Studio Version 16
VisualStudioVersion = 16.0.32630.194
MinimumVisualStudioVersion = 10.0.40219.1
Project("{FAE04EC0-301F-11D3-BF4B-00C04F79EFBC}") = "PRACTICA8!", "PRACTICA8!\PRACTICA8!.csproj", "{0E1D975E-E0B8-4A26-9D2E-F2D6D2C36B04}"
EndProject
Global
	GlobalSection(SolutionConfigurationPlatforms) = preSolution
		Debug|Any CPU = Debug|Any CPU
		Release|Any CPU = Release|Any CPU
	EndGlobalSection
	GlobalSection(ProjectConfigurationPlatforms) = postSolution
		{0E1D975E-E0B8-4A26-9D2E-F2D6D2C36B04}.Debug|Any CPU.ActiveCfg = Debug|Any CPU
		{0E1D975E-E0B8-4A26-9D2E-F2D6D2C36B04}.Debug|Any CPU.Build.0 = Debug|Any CPU
		{0E1D975E-E0B8-4A26-9D2E-F2D6D2C36B04}.Release|Any CPU.ActiveCfg = Release|Any CPU
		{0E1D975E-E0B8-4A26-9D2E-F2D6D2C36B04}.Release|Any CPU.Build.0 = Release|Any CPU
	EndGlobalSection
	GlobalSection(SolutionProperties) = preSolution
		HideSolutionNode = FALSE
	EndGlobalSection
	GlobalSection(ExtensibilityGlobals) = postSolution
		SolutionGuid = {FEAC82CD-F5B4-4544-B11D-DD304259EAA5}
	EndGlobalSection
EndGlobal
